// !$*UTF8*$!
{
	archiveVersion = 1;
	classes = {
	};
	objectVersion = 55;
	objects = {

/* Begin PBXBuildFile section */
		1CFC025428C23431008D7FE8 /* AppDelegate.swift in Sources */ = {isa = PBXBuildFile; fileRef = 1CFC025328C23431008D7FE8 /* AppDelegate.swift */; };
		1CFC025628C23431008D7FE8 /* SceneDelegate.swift in Sources */ = {isa = PBXBuildFile; fileRef = 1CFC025528C23431008D7FE8 /* SceneDelegate.swift */; };
		1CFC025828C23431008D7FE8 /* ViewController.swift in Sources */ = {isa = PBXBuildFile; fileRef = 1CFC025728C23431008D7FE8 /* ViewController.swift */; };
		1CFC025B28C23431008D7FE8 /* Main.storyboard in Resources */ = {isa = PBXBuildFile; fileRef = 1CFC025928C23431008D7FE8 /* Main.storyboard */; };
		1CFC025D28C23434008D7FE8 /* Assets.xcassets in Resources */ = {isa = PBXBuildFile; fileRef = 1CFC025C28C23434008D7FE8 /* Assets.xcassets */; };
		1CFC026028C23434008D7FE8 /* LaunchScreen.storyboard in Resources */ = {isa = PBXBuildFile; fileRef = 1CFC025E28C23434008D7FE8 /* LaunchScreen.storyboard */; };
		1CFC026B28C23435008D7FE8 /* RichTests.swift in Sources */ = {isa = PBXBuildFile; fileRef = 1CFC026A28C23435008D7FE8 /* RichTests.swift */; };
		1CFC027528C23435008D7FE8 /* RichUITests.swift in Sources */ = {isa = PBXBuildFile; fileRef = 1CFC027428C23435008D7FE8 /* RichUITests.swift */; };
		1CFC027728C23435008D7FE8 /* RichUITestsLaunchTests.swift in Sources */ = {isa = PBXBuildFile; fileRef = 1CFC027628C23435008D7FE8 /* RichUITestsLaunchTests.swift */; };
/* End PBXBuildFile section */

/* Begin PBXContainerItemProxy section */
		1CFC026728C23435008D7FE8 /* PBXContainerItemProxy */ = {
			isa = PBXContainerItemProxy;
			containerPortal = 1CFC024828C23431008D7FE8 /* Project object */;
			proxyType = 1;
			remoteGlobalIDString = 1CFC024F28C23431008D7FE8;
			remoteInfo = Rich;
		};
		1CFC027128C23435008D7FE8 /* PBXContainerItemProxy */ = {
			isa = PBXContainerItemProxy;
			containerPortal = 1CFC024828C23431008D7FE8 /* Project object */;
			proxyType = 1;
			remoteGlobalIDString = 1CFC024F28C23431008D7FE8;
			remoteInfo = Rich;
		};
/* End PBXContainerItemProxy section */

/* Begin PBXFileReference section */
		1CFC025028C23431008D7FE8 /* Rich.app */ = {isa = PBXFileReference; explicitFileType = wrapper.application; includeInIndex = 0; path = Rich.app; sourceTree = BUILT_PRODUCTS_DIR; };
		1CFC025328C23431008D7FE8 /* AppDelegate.swift */ = {isa = PBXFileReference; lastKnownFileType = sourcecode.swift; path = AppDelegate.swift; sourceTree = "<group>"; };
		1CFC025528C23431008D7FE8 /* SceneDelegate.swift */ = {isa = PBXFileReference; lastKnownFileType = sourcecode.swift; path = SceneDelegate.swift; sourceTree = "<group>"; };
		1CFC025728C23431008D7FE8 /* ViewController.swift */ = {isa = PBXFileReference; lastKnownFileType = sourcecode.swift; path = ViewController.swift; sourceTree = "<group>"; };
		1CFC025A28C23431008D7FE8 /* Base */ = {isa = PBXFileReference; lastKnownFileType = file.storyboard; name = Base; path = Base.lproj/Main.storyboard; sourceTree = "<group>"; };
		1CFC025C28C23434008D7FE8 /* Assets.xcassets */ = {isa = PBXFileReference; lastKnownFileType = folder.assetcatalog; path = Assets.xcassets; sourceTree = "<group>"; };
		1CFC025F28C23434008D7FE8 /* Base */ = {isa = PBXFileReference; lastKnownFileType = file.storyboard; name = Base; path = Base.lproj/LaunchScreen.storyboard; sourceTree = "<group>"; };
		1CFC026128C23434008D7FE8 /* Info.plist */ = {isa = PBXFileReference; lastKnownFileType = text.plist.xml; path = Info.plist; sourceTree = "<group>"; };
		1CFC026628C23435008D7FE8 /* RichTests.xctest */ = {isa = PBXFileReference; explicitFileType = wrapper.cfbundle; includeInIndex = 0; path = RichTests.xctest; sourceTree = BUILT_PRODUCTS_DIR; };
		1CFC026A28C23435008D7FE8 /* RichTests.swift */ = {isa = PBXFileReference; lastKnownFileType = sourcecode.swift; path = RichTests.swift; sourceTree = "<group>"; };
		1CFC027028C23435008D7FE8 /* RichUITests.xctest */ = {isa = PBXFileReference; explicitFileType = wrapper.cfbundle; includeInIndex = 0; path = RichUITests.xctest; sourceTree = BUILT_PRODUCTS_DIR; };
		1CFC027428C23435008D7FE8 /* RichUITests.swift */ = {isa = PBXFileReference; lastKnownFileType = sourcecode.swift; path = RichUITests.swift; sourceTree = "<group>"; };
		1CFC027628C23435008D7FE8 /* RichUITestsLaunchTests.swift */ = {isa = PBXFileReference; lastKnownFileType = sourcecode.swift; path = RichUITestsLaunchTests.swift; sourceTree = "<group>"; };
/* End PBXFileReference section */

/* Begin PBXFrameworksBuildPhase section */
		1CFC024D28C23431008D7FE8 /* Frameworks */ = {
			isa = PBXFrameworksBuildPhase;
			buildActionMask = 2147483647;
			files = (
			);
			runOnlyForDeploymentPostprocessing = 0;
		};
		1CFC026328C23435008D7FE8 /* Frameworks */ = {
			isa = PBXFrameworksBuildPhase;
			buildActionMask = 2147483647;
			files = (
			);
			runOnlyForDeploymentPostprocessing = 0;
		};
		1CFC026D28C23435008D7FE8 /* Frameworks */ = {
			isa = PBXFrameworksBuildPhase;
			buildActionMask = 2147483647;
			files = (
			);
			runOnlyForDeploymentPostprocessing = 0;
		};
/* End PBXFrameworksBuildPhase section */

/* Begin PBXGroup section */
		1CFC024728C23431008D7FE8 = {
			isa = PBXGroup;
			children = (
				1CFC025228C23431008D7FE8 /* Rich */,
				1CFC026928C23435008D7FE8 /* RichTests */,
				1CFC027328C23435008D7FE8 /* RichUITests */,
				1CFC025128C23431008D7FE8 /* Products */,
			);
			sourceTree = "<group>";
		};
		1CFC025128C23431008D7FE8 /* Products */ = {
			isa = PBXGroup;
			children = (
				1CFC025028C23431008D7FE8 /* Rich.app */,
				1CFC026628C23435008D7FE8 /* RichTests.xctest */,
				1CFC027028C23435008D7FE8 /* RichUITests.xctest */,
			);
			name = Products;
			sourceTree = "<group>";
		};
		1CFC025228C23431008D7FE8 /* Rich */ = {
			isa = PBXGroup;
			children = (
				1CFC025328C23431008D7FE8 /* AppDelegate.swift */,
				1CFC025528C23431008D7FE8 /* SceneDelegate.swift */,
				1CFC025728C23431008D7FE8 /* ViewController.swift */,
				1CFC025928C23431008D7FE8 /* Main.storyboard */,
				1CFC025C28C23434008D7FE8 /* Assets.xcassets */,
				1CFC025E28C23434008D7FE8 /* LaunchScreen.storyboard */,
				1CFC026128C23434008D7FE8 /* Info.plist */,
			);
			path = Rich;
			sourceTree = "<group>";
		};
		1CFC026928C23435008D7FE8 /* RichTests */ = {
			isa = PBXGroup;
			children = (
				1CFC026A28C23435008D7FE8 /* RichTests.swift */,
			);
			path = RichTests;
			sourceTree = "<group>";
		};
		1CFC027328C23435008D7FE8 /* RichUITests */ = {
			isa = PBXGroup;
			children = (
				1CFC027428C23435008D7FE8 /* RichUITests.swift */,
				1CFC027628C23435008D7FE8 /* RichUITestsLaunchTests.swift */,
			);
			path = RichUITests;
			sourceTree = "<group>";
		};
/* End PBXGroup section */

/* Begin PBXNativeTarget section */
		1CFC024F28C23431008D7FE8 /* Rich */ = {
			isa = PBXNativeTarget;
			buildConfigurationList = 1CFC027A28C23435008D7FE8 /* Build configuration list for PBXNativeTarget "Rich" */;
			buildPhases = (
				1CFC024C28C23431008D7FE8 /* Sources */,
				1CFC024D28C23431008D7FE8 /* Frameworks */,
				1CFC024E28C23431008D7FE8 /* Resources */,
			);
			buildRules = (
			);
			dependencies = (
			);
			name = Rich;
			productName = Rich;
			productReference = 1CFC025028C23431008D7FE8 /* Rich.app */;
			productType = "com.apple.product-type.application";
		};
		1CFC026528C23435008D7FE8 /* RichTests */ = {
			isa = PBXNativeTarget;
			buildConfigurationList = 1CFC027D28C23435008D7FE8 /* Build configuration list for PBXNativeTarget "RichTests" */;
			buildPhases = (
				1CFC026228C23435008D7FE8 /* Sources */,
				1CFC026328C23435008D7FE8 /* Frameworks */,
				1CFC026428C23435008D7FE8 /* Resources */,
			);
			buildRules = (
			);
			dependencies = (
				1CFC026828C23435008D7FE8 /* PBXTargetDependency */,
			);
			name = RichTests;
			productName = RichTests;
			productReference = 1CFC026628C23435008D7FE8 /* RichTests.xctest */;
			productType = "com.apple.product-type.bundle.unit-test";
		};
		1CFC026F28C23435008D7FE8 /* RichUITests */ = {
			isa = PBXNativeTarget;
			buildConfigurationList = 1CFC028028C23435008D7FE8 /* Build configuration list for PBXNativeTarget "RichUITests" */;
			buildPhases = (
				1CFC026C28C23435008D7FE8 /* Sources */,
				1CFC026D28C23435008D7FE8 /* Frameworks */,
				1CFC026E28C23435008D7FE8 /* Resources */,
			);
			buildRules = (
			);
			dependencies = (
				1CFC027228C23435008D7FE8 /* PBXTargetDependency */,
			);
			name = RichUITests;
			productName = RichUITests;
			productReference = 1CFC027028C23435008D7FE8 /* RichUITests.xctest */;
			productType = "com.apple.product-type.bundle.ui-testing";
		};
/* End PBXNativeTarget section */

/* Begin PBXProject section */
		1CFC024828C23431008D7FE8 /* Project object */ = {
			isa = PBXProject;
			attributes = {
				BuildIndependentTargetsInParallel = 1;
				LastSwiftUpdateCheck = 1340;
				LastUpgradeCheck = 1340;
				TargetAttributes = {
					1CFC024F28C23431008D7FE8 = {
						CreatedOnToolsVersion = 13.4.1;
					};
					1CFC026528C23435008D7FE8 = {
						CreatedOnToolsVersion = 13.4.1;
						TestTargetID = 1CFC024F28C23431008D7FE8;
					};
					1CFC026F28C23435008D7FE8 = {
						CreatedOnToolsVersion = 13.4.1;
						TestTargetID = 1CFC024F28C23431008D7FE8;
					};
				};
			};
			buildConfigurationList = 1CFC024B28C23431008D7FE8 /* Build configuration list for PBXProject "Rich" */;
			compatibilityVersion = "Xcode 13.0";
			developmentRegion = en;
			hasScannedForEncodings = 0;
			knownRegions = (
				en,
				Base,
			);
			mainGroup = 1CFC024728C23431008D7FE8;
			productRefGroup = 1CFC025128C23431008D7FE8 /* Products */;
			projectDirPath = "";
			projectRoot = "";
			targets = (
				1CFC024F28C23431008D7FE8 /* Rich */,
				1CFC026528C23435008D7FE8 /* RichTests */,
				1CFC026F28C23435008D7FE8 /* RichUITests */,
			);
		};
/* End PBXProject section */

/* Begin PBXResourcesBuildPhase section */
		1CFC024E28C23431008D7FE8 /* Resources */ = {
			isa = PBXResourcesBuildPhase;
			buildActionMask = 2147483647;
			files = (
				1CFC026028C23434008D7FE8 /* LaunchScreen.storyboard in Resources */,
				1CFC025D28C23434008D7FE8 /* Assets.xcassets in Resources */,
				1CFC025B28C23431008D7FE8 /* Main.storyboard in Resources */,
			);
			runOnlyForDeploymentPostprocessing = 0;
		};
		1CFC026428C23435008D7FE8 /* Resources */ = {
			isa = PBXResourcesBuildPhase;
			buildActionMask = 2147483647;
			files = (
			);
			runOnlyForDeploymentPostprocessing = 0;
		};
		1CFC026E28C23435008D7FE8 /* Resources */ = {
			isa = PBXResourcesBuildPhase;
			buildActionMask = 2147483647;
			files = (
			);
			runOnlyForDeploymentPostprocessing = 0;
		};
/* End PBXResourcesBuildPhase section */

/* Begin PBXSourcesBuildPhase section */
		1CFC024C28C23431008D7FE8 /* Sources */ = {
			isa = PBXSourcesBuildPhase;
			buildActionMask = 2147483647;
			files = (
				1CFC025828C23431008D7FE8 /* ViewController.swift in Sources */,
				1CFC025428C23431008D7FE8 /* AppDelegate.swift in Sources */,
				1CFC025628C23431008D7FE8 /* SceneDelegate.swift in Sources */,
			);
			runOnlyForDeploymentPostprocessing = 0;
		};
		1CFC026228C23435008D7FE8 /* Sources */ = {
			isa = PBXSourcesBuildPhase;
			buildActionMask = 2147483647;
			files = (
				1CFC026B28C23435008D7FE8 /* RichTests.swift in Sources */,
			);
			runOnlyForDeploymentPostprocessing = 0;
		};
		1CFC026C28C23435008D7FE8 /* Sources */ = {
			isa = PBXSourcesBuildPhase;
			buildActionMask = 2147483647;
			files = (
				1CFC027728C23435008D7FE8 /* RichUITestsLaunchTests.swift in Sources */,
				1CFC027528C23435008D7FE8 /* RichUITests.swift in Sources */,
			);
			runOnlyForDeploymentPostprocessing = 0;
		};
/* End PBXSourcesBuildPhase section */

/* Begin PBXTargetDependency section */
		1CFC026828C23435008D7FE8 /* PBXTargetDependency */ = {
			isa = PBXTargetDependency;
			target = 1CFC024F28C23431008D7FE8 /* Rich */;
			targetProxy = 1CFC026728C23435008D7FE8 /* PBXContainerItemProxy */;
		};
		1CFC027228C23435008D7FE8 /* PBXTargetDependency */ = {
			isa = PBXTargetDependency;
			target = 1CFC024F28C23431008D7FE8 /* Rich */;
			targetProxy = 1CFC027128C23435008D7FE8 /* PBXContainerItemProxy */;
		};
/* End PBXTargetDependency section */

/* Begin PBXVariantGroup section */
		1CFC025928C23431008D7FE8 /* Main.storyboard */ = {
			isa = PBXVariantGroup;
			children = (
				1CFC025A28C23431008D7FE8 /* Base */,
			);
			name = Main.storyboard;
			sourceTree = "<group>";
		};
		1CFC025E28C23434008D7FE8 /* LaunchScreen.storyboard */ = {
			isa = PBXVariantGroup;
			children = (
				1CFC025F28C23434008D7FE8 /* Base */,
			);
			name = LaunchScreen.storyboard;
			sourceTree = "<group>";
		};
/* End PBXVariantGroup section */

/* Begin XCBuildConfiguration section */
		1CFC027828C23435008D7FE8 /* Debug */ = {
			isa = XCBuildConfiguration;
			buildSettings = {
				ALWAYS_SEARCH_USER_PATHS = NO;
				CLANG_ANALYZER_NONNULL = YES;
				CLANG_ANALYZER_NUMBER_OBJECT_CONVERSION = YES_AGGRESSIVE;
				CLANG_CXX_LANGUAGE_STANDARD = "gnu++17";
				CLANG_ENABLE_MODULES = YES;
				CLANG_ENABLE_OBJC_ARC = YES;
				CLANG_ENABLE_OBJC_WEAK = YES;
				CLANG_WARN_BLOCK_CAPTURE_AUTORELEASING = YES;
				CLANG_WARN_BOOL_CONVERSION = YES;
				CLANG_WARN_COMMA = YES;
				CLANG_WARN_CONSTANT_CONVERSION = YES;
				CLANG_WARN_DEPRECATED_OBJC_IMPLEMENTATIONS = YES;
				CLANG_WARN_DIRECT_OBJC_ISA_USAGE = YES_ERROR;
				CLANG_WARN_DOCUMENTATION_COMMENTS = YES;
				CLANG_WARN_EMPTY_BODY = YES;
				CLANG_WARN_ENUM_CONVERSION = YES;
				CLANG_WARN_INFINITE_RECURSION = YES;
				CLANG_WARN_INT_CONVERSION = YES;
				CLANG_WARN_NON_LITERAL_NULL_CONVERSION = YES;
				CLANG_WARN_OBJC_IMPLICIT_RETAIN_SELF = YES;
				CLANG_WARN_OBJC_LITERAL_CONVERSION = YES;
				CLANG_WARN_OBJC_ROOT_CLASS = YES_ERROR;
				CLANG_WARN_QUOTED_INCLUDE_IN_FRAMEWORK_HEADER = YES;
				CLANG_WARN_RANGE_LOOP_ANALYSIS = YES;
				CLANG_WARN_STRICT_PROTOTYPES = YES;
				CLANG_WARN_SUSPICIOUS_MOVE = YES;
				CLANG_WARN_UNGUARDED_AVAILABILITY = YES_AGGRESSIVE;
				CLANG_WARN_UNREACHABLE_CODE = YES;
				CLANG_WARN__DUPLICATE_METHOD_MATCH = YES;
				COPY_PHASE_STRIP = NO;
				DEBUG_INFORMATION_FORMAT = dwarf;
				ENABLE_STRICT_OBJC_MSGSEND = YES;
				ENABLE_TESTABILITY = YES;
				GCC_C_LANGUAGE_STANDARD = gnu11;
				GCC_DYNAMIC_NO_PIC = NO;
				GCC_NO_COMMON_BLOCKS = YES;
				GCC_OPTIMIZATION_LEVEL = 0;
				GCC_PREPROCESSOR_DEFINITIONS = (
					"DEBUG=1",
					"$(inherited)",
				);
				GCC_WARN_64_TO_32_BIT_CONVERSION = YES;
				GCC_WARN_ABOUT_RETURN_TYPE = YES_ERROR;
				GCC_WARN_UNDECLARED_SELECTOR = YES;
				GCC_WARN_UNINITIALIZED_AUTOS = YES_AGGRESSIVE;
				GCC_WARN_UNUSED_FUNCTION = YES;
				GCC_WARN_UNUSED_VARIABLE = YES;
				IPHONEOS_DEPLOYMENT_TARGET = 15.5;
				MTL_ENABLE_DEBUG_INFO = INCLUDE_SOURCE;
				MTL_FAST_MATH = YES;
				ONLY_ACTIVE_ARCH = YES;
				SDKROOT = iphoneos;
				SWIFT_ACTIVE_COMPILATION_CONDITIONS = DEBUG;
				SWIFT_OPTIMIZATION_LEVEL = "-Onone";
			};
			name = Debug;
		};
		1CFC027928C23435008D7FE8 /* Release */ = {
			isa = XCBuildConfiguration;
			buildSettings = {
				ALWAYS_SEARCH_USER_PATHS = NO;
				CLANG_ANALYZER_NONNULL = YES;
				CLANG_ANALYZER_NUMBER_OBJECT_CONVERSION = YES_AGGRESSIVE;
				CLANG_CXX_LANGUAGE_STANDARD = "gnu++17";
				CLANG_ENABLE_MODULES = YES;
				CLANG_ENABLE_OBJC_ARC = YES;
				CLANG_ENABLE_OBJC_WEAK = YES;
				CLANG_WARN_BLOCK_CAPTURE_AUTORELEASING = YES;
				CLANG_WARN_BOOL_CONVERSION = YES;
				CLANG_WARN_COMMA = YES;
				CLANG_WARN_CONSTANT_CONVERSION = YES;
				CLANG_WARN_DEPRECATED_OBJC_IMPLEMENTATIONS = YES;
				CLANG_WARN_DIRECT_OBJC_ISA_USAGE = YES_ERROR;
				CLANG_WARN_DOCUMENTATION_COMMENTS = YES;
				CLANG_WARN_EMPTY_BODY = YES;
				CLANG_WARN_ENUM_CONVERSION = YES;
				CLANG_WARN_INFINITE_RECURSION = YES;
				CLANG_WARN_INT_CONVERSION = YES;
				CLANG_WARN_NON_LITERAL_NULL_CONVERSION = YES;
				CLANG_WARN_OBJC_IMPLICIT_RETAIN_SELF = YES;
				CLANG_WARN_OBJC_LITERAL_CONVERSION = YES;
				CLANG_WARN_OBJC_ROOT_CLASS = YES_ERROR;
				CLANG_WARN_QUOTED_INCLUDE_IN_FRAMEWORK_HEADER = YES;
				CLANG_WARN_RANGE_LOOP_ANALYSIS = YES;
				CLANG_WARN_STRICT_PROTOTYPES = YES;
				CLANG_WARN_SUSPICIOUS_MOVE = YES;
				CLANG_WARN_UNGUARDED_AVAILABILITY = YES_AGGRESSIVE;
				CLANG_WARN_UNREACHABLE_CODE = YES;
				CLANG_WARN__DUPLICATE_METHOD_MATCH = YES;
				COPY_PHASE_STRIP = NO;
				DEBUG_INFORMATION_FORMAT = "dwarf-with-dsym";
				ENABLE_NS_ASSERTIONS = NO;
				ENABLE_STRICT_OBJC_MSGSEND = YES;
				GCC_C_LANGUAGE_STANDARD = gnu11;
				GCC_NO_COMMON_BLOCKS = YES;
				GCC_WARN_64_TO_32_BIT_CONVERSION = YES;
				GCC_WARN_ABOUT_RETURN_TYPE = YES_ERROR;
				GCC_WARN_UNDECLARED_SELECTOR = YES;
				GCC_WARN_UNINITIALIZED_AUTOS = YES_AGGRESSIVE;
				GCC_WARN_UNUSED_FUNCTION = YES;
				GCC_WARN_UNUSED_VARIABLE = YES;
				IPHONEOS_DEPLOYMENT_TARGET = 15.5;
				MTL_ENABLE_DEBUG_INFO = NO;
				MTL_FAST_MATH = YES;
				SDKROOT = iphoneos;
				SWIFT_COMPILATION_MODE = wholemodule;
				SWIFT_OPTIMIZATION_LEVEL = "-O";
				VALIDATE_PRODUCT = YES;
			};
			name = Release;
		};
		1CFC027B28C23435008D7FE8 /* Debug */ = {
			isa = XCBuildConfiguration;
			buildSettings = {
				ASSETCATALOG_COMPILER_APPICON_NAME = AppIcon;
				ASSETCATALOG_COMPILER_GLOBAL_ACCENT_COLOR_NAME = AccentColor;
				CODE_SIGN_STYLE = Automatic;
				CURRENT_PROJECT_VERSION = 1;
				GENERATE_INFOPLIST_FILE = YES;
				INFOPLIST_FILE = Rich/Info.plist;
				INFOPLIST_KEY_UIApplicationSupportsIndirectInputEvents = YES;
				INFOPLIST_KEY_UILaunchStoryboardName = LaunchScreen;
				INFOPLIST_KEY_UIMainStoryboardFile = Main;
				INFOPLIST_KEY_UISupportedInterfaceOrientations_iPad = "UIInterfaceOrientationPortrait UIInterfaceOrientationPortraitUpsideDown UIInterfaceOrientationLandscapeLeft UIInterfaceOrientationLandscapeRight";
				INFOPLIST_KEY_UISupportedInterfaceOrientations_iPhone = "UIInterfaceOrientationPortrait UIInterfaceOrientationLandscapeLeft UIInterfaceOrientationLandscapeRight";
				LD_RUNPATH_SEARCH_PATHS = (
					"$(inherited)",
					"@executable_path/Frameworks",
				);
				MARKETING_VERSION = 1.0;
				PRODUCT_BUNDLE_IDENTIFIER = se.dreamlogix.Rich;
				PRODUCT_NAME = "$(TARGET_NAME)";
				SWIFT_EMIT_LOC_STRINGS = YES;
				SWIFT_VERSION = 5.0;
				TARGETED_DEVICE_FAMILY = "1,2";
			};
			name = Debug;
		};
		1CFC027C28C23435008D7FE8 /* Release */ = {
			isa = XCBuildConfiguration;
			buildSettings = {
				ASSETCATALOG_COMPILER_APPICON_NAME = AppIcon;
				ASSETCATALOG_COMPILER_GLOBAL_ACCENT_COLOR_NAME = AccentColor;
				CODE_SIGN_STYLE = Automatic;
				CURRENT_PROJECT_VERSION = 1;
				GENERATE_INFOPLIST_FILE = YES;
				INFOPLIST_FILE = Rich/Info.plist;
				INFOPLIST_KEY_UIApplicationSupportsIndirectInputEvents = YES;
				INFOPLIST_KEY_UILaunchStoryboardName = LaunchScreen;
				INFOPLIST_KEY_UIMainStoryboardFile = Main;
				INFOPLIST_KEY_UISupportedInterfaceOrientations_iPad = "UIInterfaceOrientationPortrait UIInterfaceOrientationPortraitUpsideDown UIInterfaceOrientationLandscapeLeft UIInterfaceOrientationLandscapeRight";
				INFOPLIST_KEY_UISupportedInterfaceOrientations_iPhone = "UIInterfaceOrientationPortrait UIInterfaceOrientationLandscapeLeft UIInterfaceOrientationLandscapeRight";
				LD_RUNPATH_SEARCH_PATHS = (
					"$(inherited)",
					"@executable_path/Frameworks",
				);
				MARKETING_VERSION = 1.0;
				PRODUCT_BUNDLE_IDENTIFIER = se.dreamlogix.Rich;
				PRODUCT_NAME = "$(TARGET_NAME)";
				SWIFT_EMIT_LOC_STRINGS = YES;
				SWIFT_VERSION = 5.0;
				TARGETED_DEVICE_FAMILY = "1,2";
			};
			name = Release;
		};
		1CFC027E28C23435008D7FE8 /* Debug */ = {
			isa = XCBuildConfiguration;
			buildSettings = {
				ALWAYS_EMBED_SWIFT_STANDARD_LIBRARIES = YES;
				BUNDLE_LOADER = "$(TEST_HOST)";
				CODE_SIGN_STYLE = Automatic;
				CURRENT_PROJECT_VERSION = 1;
				GENERATE_INFOPLIST_FILE = YES;
				IPHONEOS_DEPLOYMENT_TARGET = 15.5;
				MARKETING_VERSION = 1.0;
				PRODUCT_BUNDLE_IDENTIFIER = se.dreamlogix.RichTests;
				PRODUCT_NAME = "$(TARGET_NAME)";
				SWIFT_EMIT_LOC_STRINGS = NO;
				SWIFT_VERSION = 5.0;
				TARGETED_DEVICE_FAMILY = "1,2";
				TEST_HOST = "$(BUILT_PRODUCTS_DIR)/Rich.app/Rich";
			};
			name = Debug;
		};
		1CFC027F28C23435008D7FE8 /* Release */ = {
			isa = XCBuildConfiguration;
			buildSettings = {
				ALWAYS_EMBED_SWIFT_STANDARD_LIBRARIES = YES;
				BUNDLE_LOADER = "$(TEST_HOST)";
				CODE_SIGN_STYLE = Automatic;
				CURRENT_PROJECT_VERSION = 1;
				GENERATE_INFOPLIST_FILE = YES;
				IPHONEOS_DEPLOYMENT_TARGET = 15.5;
				MARKETING_VERSION = 1.0;
				PRODUCT_BUNDLE_IDENTIFIER = se.dreamlogix.RichTests;
				PRODUCT_NAME = "$(TARGET_NAME)";
				SWIFT_EMIT_LOC_STRINGS = NO;
				SWIFT_VERSION = 5.0;
				TARGETED_DEVICE_FAMILY = "1,2";
				TEST_HOST = "$(BUILT_PRODUCTS_DIR)/Rich.app/Rich";
			};
			name = Release;
		};
		1CFC028128C23435008D7FE8 /* Debug */ = {
			isa = XCBuildConfiguration;
			buildSettings = {
				ALWAYS_EMBED_SWIFT_STANDARD_LIBRARIES = YES;
				CODE_SIGN_STYLE = Automatic;
				CURRENT_PROJECT_VERSION = 1;
				GENERATE_INFOPLIST_FILE = YES;
				MARKETING_VERSION = 1.0;
				PRODUCT_BUNDLE_IDENTIFIER = se.dreamlogix.RichUITests;
				PRODUCT_NAME = "$(TARGET_NAME)";
				SWIFT_EMIT_LOC_STRINGS = NO;
				SWIFT_VERSION = 5.0;
				TARGETED_DEVICE_FAMILY = "1,2";
				TEST_TARGET_NAME = Rich;
			};
			name = Debug;
		};
		1CFC028228C23435008D7FE8 /* Release */ = {
			isa = XCBuildConfiguration;
			buildSettings = {
				ALWAYS_EMBED_SWIFT_STANDARD_LIBRARIES = YES;
				CODE_SIGN_STYLE = Automatic;
				CURRENT_PROJECT_VERSION = 1;
				GENERATE_INFOPLIST_FILE = YES;
				MARKETING_VERSION = 1.0;
				PRODUCT_BUNDLE_IDENTIFIER = se.dreamlogix.RichUITests;
				PRODUCT_NAME = "$(TARGET_NAME)";
				SWIFT_EMIT_LOC_STRINGS = NO;
				SWIFT_VERSION = 5.0;
				TARGETED_DEVICE_FAMILY = "1,2";
				TEST_TARGET_NAME = Rich;
			};
			name = Release;
		};
/* End XCBuildConfiguration section */

/* Begin XCConfigurationList section */
		1CFC024B28C23431008D7FE8 /* Build configuration list for PBXProject "Rich" */ = {
			isa = XCConfigurationList;
			buildConfigurations = (
				1CFC027828C23435008D7FE8 /* Debug */,
				1CFC027928C23435008D7FE8 /* Release */,
			);
			defaultConfigurationIsVisible = 0;
			defaultConfigurationName = Release;
		};
		1CFC027A28C23435008D7FE8 /* Build configuration list for PBXNativeTarget "Rich" */ = {
			isa = XCConfigurationList;
			buildConfigurations = (
				1CFC027B28C23435008D7FE8 /* Debug */,
				1CFC027C28C23435008D7FE8 /* Release */,
			);
			defaultConfigurationIsVisible = 0;
			defaultConfigurationName = Release;
		};
		1CFC027D28C23435008D7FE8 /* Build configuration list for PBXNativeTarget "RichTests" */ = {
			isa = XCConfigurationList;
			buildConfigurations = (
				1CFC027E28C23435008D7FE8 /* Debug */,
				1CFC027F28C23435008D7FE8 /* Release */,
			);
			defaultConfigurationIsVisible = 0;
			defaultConfigurationName = Release;
		};
		1CFC028028C23435008D7FE8 /* Build configuration list for PBXNativeTarget "RichUITests" */ = {
			isa = XCConfigurationList;
			buildConfigurations = (
				1CFC028128C23435008D7FE8 /* Debug */,
				1CFC028228C23435008D7FE8 /* Release */,
			);
			defaultConfigurationIsVisible = 0;
			defaultConfigurationName = Release;
		};
/* End XCConfigurationList section */
	};
	rootObject = 1CFC024828C23431008D7FE8 /* Project object */;
}
